{
  "name": "@dash-forge/forge-v2-deploy-sdk",
  "version": "0.0.0",
  "lockfileVersion": 3,
  "requires": true,
  "packages": {
    "": {
      "name": "@dash-forge/forge-v2-deploy-sdk",
      "version": "0.0.0",
      "dependencies": {
        "@dashevo/evo-sdk": "5.0.0-beta.2"
      }
    },
    "node_modules/@dashevo/evo-sdk": {
      "version": "5.0.0-beta.2",
      "resolved": "https://registry.npmjs.org/@dashevo/evo-sdk/-/evo-sdk-5.0.0-beta.2.tgz",
      "integrity": "sha512-WlD+KMAZcGA6qroV0tzA0smWZz1+LIT5lVsxG3ifk/Vql0qjJkTOG+V2FAuSH0jYVR+hbI9Idc7y47MnRV1tRw==",
      "dependencies": {
        "@dashevo/wasm-sdk": "5.0.0-beta.2"
      },
      "engines": {
        "node": ">=18.18"
      }
    },
    "node_modules/@dashevo/wasm-sdk": {
      "version": "5.0.0-beta.2",
      "resolved": "https://registry.npmjs.org/@dashevo/wasm-sdk/-/wasm-sdk-5.0.0-beta.2.tgz",
      "integrity": "sha512-qZXC4B7B17dpwORcOIUC5ubUSPxv5eIpCfRseBHIAQi7qgmgWs/GBG2bYzqKAcVAXYPoapkmjkWP5e48W0F59Q==",
      "engines": {
        "node": ">=18.18"
      }
    }
  }
}
