{
  "name": "@dash-forge/forge-v2-deploy-sdk",
  "version": "0.0.0",
  "lockfileVersion": 3,
  "requires": true,
  "packages": {
    "": {
      "name": "@dash-forge/forge-v2-deploy-sdk",
      "version": "0.0.0",
      "dependencies": {
        "@dashevo/evo-sdk": "5.0.0-beta.1"
      }
    },
    "node_modules/@dashevo/evo-sdk": {
      "version": "5.0.0-beta.1",
      "resolved": "https://registry.npmjs.org/@dashevo/evo-sdk/-/evo-sdk-5.0.0-beta.1.tgz",
      "integrity": "sha512-r4bQcYvTuSUoWDzdYPE/fl19ddVst6PQRdNPnoUWEyUWmg4puBdTvshpq2vFP0hfUp/Bsyw/fyDdjj4+ixnEeg==",
      "dependencies": {
        "@dashevo/wasm-sdk": "5.0.0-beta.1"
      },
      "engines": {
        "node": ">=18.18"
      }
    },
    "node_modules/@dashevo/wasm-sdk": {
      "version": "5.0.0-beta.1",
      "resolved": "https://registry.npmjs.org/@dashevo/wasm-sdk/-/wasm-sdk-5.0.0-beta.1.tgz",
      "integrity": "sha512-n3lLcXiKUL1vHQZHfQXm5Z1hH5nIYH1YyAlpxIyL/SdlSDcEpxRKe4tkiTKHChqzcVtBH1vyTIZ+zQICSL7ZJA==",
      "engines": {
        "node": ">=18.18"
      }
    }
  }
}
