{
  "name": "@dash-forge/forge-v2-deploy-sdk",
  "version": "0.0.0",
  "lockfileVersion": 3,
  "requires": true,
  "packages": {
    "": {
      "name": "@dash-forge/forge-v2-deploy-sdk",
      "version": "0.0.0",
      "dependencies": {
        "@dashevo/evo-sdk": "4.2.0-beta.4"
      }
    },
    "node_modules/@dashevo/evo-sdk": {
      "version": "4.2.0-beta.4",
      "resolved": "https://registry.npmjs.org/@dashevo/evo-sdk/-/evo-sdk-4.2.0-beta.4.tgz",
      "integrity": "sha512-rC71EIILEpLKuodKDK3PvA9cwXYDlzaHx4N3SwqdOCEqGy+zLfYMnTuqwGKCd1Ik80qxmwL3C/F/sNohQywzVw==",
      "dependencies": {
        "@dashevo/wasm-sdk": "4.2.0-beta.4"
      },
      "engines": {
        "node": ">=18.18"
      }
    },
    "node_modules/@dashevo/wasm-sdk": {
      "version": "4.2.0-beta.4",
      "resolved": "https://registry.npmjs.org/@dashevo/wasm-sdk/-/wasm-sdk-4.2.0-beta.4.tgz",
      "integrity": "sha512-6npUYCcwhfVvz6UdsTjlcD+tFAZ6kjdHKqz/zxHtfeqw5TqIQ12wkl6+NcilzMmG+5/uMjMZXyVnKUDMAjh57Q==",
      "engines": {
        "node": ">=18.18"
      }
    }
  }
}
